
Microsoft Visual Studio Solution File, Format Version 12.00
# Visual Studio Version 16
VisualStudioVersion = 16.0.30804.86
MinimumVisualStudioVersion = 10.0.40219.1
Project("{9A19103F-16F7-4668-BE54-9A1E7A4F7556}") = "ElectionAPI", "ElectionAPI.csproj", "{748CFAA8-B29B-40DC-80CA-6C9A7A083285}"
EndProject
Project("{9A19103F-16F7-4668-BE54-9A1E7A4F7556}") = "ElectionResultAPI", "..\ElectionResultAPI\ElectionResultAPI.csproj", "{0565E5B4-62AA-4981-AA4F-78B9D466A1CF}"
EndProject
Project("{9A19103F-16F7-4668-BE54-9A1E7A4F7556}") = "ElectionModels", "..\ElectionModels\ElectionModels.csproj", "{6EF0043E-9DB5-41EB-A47F-15F337561345}"
EndProject
Global
	GlobalSection(SolutionConfigurationPlatforms) = preSolution
		Debug|Any CPU = Debug|Any CPU
		Release|Any CPU = Release|Any CPU
	EndGlobalSection
	GlobalSection(ProjectConfigurationPlatforms) = postSolution
		{748CFAA8-B29B-40DC-80CA-6C9A7A083285}.Debug|Any CPU.ActiveCfg = Debug|Any CPU
		{748CFAA8-B29B-40DC-80CA-6C9A7A083285}.Debug|Any CPU.Build.0 = Debug|Any CPU
		{748CFAA8-B29B-40DC-80CA-6C9A7A083285}.Release|Any CPU.ActiveCfg = Release|Any CPU
		{748CFAA8-B29B-40DC-80CA-6C9A7A083285}.Release|Any CPU.Build.0 = Release|Any CPU
		{0565E5B4-62AA-4981-AA4F-78B9D466A1CF}.Debug|Any CPU.ActiveCfg = Debug|Any CPU
		{0565E5B4-62AA-4981-AA4F-78B9D466A1CF}.Debug|Any CPU.Build.0 = Debug|Any CPU
		{0565E5B4-62AA-4981-AA4F-78B9D466A1CF}.Release|Any CPU.ActiveCfg = Release|Any CPU
		{0565E5B4-62AA-4981-AA4F-78B9D466A1CF}.Release|Any CPU.Build.0 = Release|Any CPU
		{6EF0043E-9DB5-41EB-A47F-15F337561345}.Debug|Any CPU.ActiveCfg = Debug|Any CPU
		{6EF0043E-9DB5-41EB-A47F-15F337561345}.Debug|Any CPU.Build.0 = Debug|Any CPU
		{6EF0043E-9DB5-41EB-A47F-15F337561345}.Release|Any CPU.ActiveCfg = Release|Any CPU
		{6EF0043E-9DB5-41EB-A47F-15F337561345}.Release|Any CPU.Build.0 = Release|Any CPU
	EndGlobalSection
	GlobalSection(SolutionProperties) = preSolution
		HideSolutionNode = FALSE
	EndGlobalSection
	GlobalSection(ExtensibilityGlobals) = postSolution
		SolutionGuid = {8C45D607-082D-4718-8EDC-60EC20D52110}
	EndGlobalSection
EndGlobal
